Microsoft Visual Studio Solution File, Format Version 12.00
# Visual Studio Version 17
VisualStudioVersion = 17.5.2.0
MinimumVisualStudioVersion = 10.0.40219.1
Project("{FAE04EC0-301F-11D3-BF4B-00C04F79EFBC}") = "Day29_BlogDemo", "Day29_BlogDemo.csproj", "{985F5A92-3050-E777-6257-CF4174639217}"
EndProject
Global
	GlobalSection(SolutionConfigurationPlatforms) = preSolution
		Debug|Any CPU = Debug|Any CPU
		Release|Any CPU = Release|Any CPU
	EndGlobalSection
	GlobalSection(ProjectConfigurationPlatforms) = postSolution
		{985F5A92-3050-E777-6257-CF4174639217}.Debug|Any CPU.ActiveCfg = Debug|Any CPU
		{985F5A92-3050-E777-6257-CF4174639217}.Debug|Any CPU.Build.0 = Debug|Any CPU
		{985F5A92-3050-E777-6257-CF4174639217}.Release|Any CPU.ActiveCfg = Release|Any CPU
		{985F5A92-3050-E777-6257-CF4174639217}.Release|Any CPU.Build.0 = Release|Any CPU
	EndGlobalSection
	GlobalSection(SolutionProperties) = preSolution
		HideSolutionNode = FALSE
	EndGlobalSection
	GlobalSection(ExtensibilityGlobals) = postSolution
		SolutionGuid = {03DBF822-C053-474C-B22E-F8C9BBE6CC15}
	EndGlobalSection
EndGlobal
